<?xml version="1.0" encoding="utf-8"?>
<Project ToolsVersion="4.0" xmlns="http://schemas.microsoft.com/developer/msbuild/2003">
  <ItemGroup>
    <Filter Include="Source Files">
      <UniqueIdentifier>{fc935320-dd60-442c-8f7a-857898ef99ac}</UniqueIdentifier>
    </Filter>
    <Filter Include="Header Files">
      <UniqueIdentifier>{8eaa2596-7ef2-40ab-a17a-c4c37dc4da44}</UniqueIdentifier>
    </Filter>
    <Filter Include="Shader Files">
      <UniqueIdentifier>{84917e1c-1ec9-46fa-9442-3a21e2402b9d}</UniqueIdentifier>
    </Filter>
    <Filter Include="Info Files">
      <UniqueIdentifier>{9752fd2e-dace-44e7-8505-ef6a12730317}</UniqueIdentifier>
    </Filter>
    <Filter Include="Header Files\Basic Objects">
      <UniqueIdentifier>{e739473b-6937-4ce4-81cd-e2496ba3a845}</UniqueIdentifier>
    </Filter>
    <Filter Include="Source Files\Basic Objects">
      <UniqueIdentifier>{73caaab5-9601-4643-b2a5-3845f5b22566}</UniqueIdentifier>
    </Filter>
  </ItemGroup>
  <ItemGroup>
    <ClInclude Include="camera.h">
      <Filter>Header Files</Filter>
    </ClInclude>
    <ClInclude Include="common.h">
      <Filter>Header Files</Filter>
    </ClInclude>
    <ClInclude Include="matrixstack.h">
      <Filter>Header Files</Filter>
    </ClInclude>
    <ClInclude Include="objmodel.h">
      <Filter>Header Files</Filter>
    </ClInclude>
    <ClInclude Include="skybox.h">
      <Filter>Header Files</Filter>
    </ClInclude>
    <ClInclude Include="texture.h">
      <Filter>Header Files</Filter>
    </ClInclude>
    <ClInclude Include="timer.h">
      <Filter>Header Files</Filter>
    </ClInclude>
    <ClInclude Include="window.h">
      <Filter>Header Files</Filter>
    </ClInclude>
    <ClInclude Include="vbo.h">
      <Filter>Header Files</Filter>
    </ClInclude>
    <ClInclude Include="shaderprogram.h">
      <Filter>Header Files</Filter>
    </ClInclude>
    <ClInclude Include="shader.h">
      <Filter>Header Files</Filter>
    </ClInclude>
    <ClInclude Include="canvas.h">
      <Filter>Header Files</Filter>
    </ClInclude>
    <ClInclude Include="splinegun.h">
      <Filter>Header Files</Filter>
    </ClInclude>
    <ClInclude Include="terrain.h">
      <Filter>Header Files</Filter>
    </ClInclude>
    <ClInclude Include="mesh.h">
      <Filter>Header Files</Filter>
    </ClInclude>
    <ClInclude Include="vertex.h">
      <Filter>Header Files</Filter>
    </ClInclude>
    <ClInclude Include="lighting.h">
      <Filter>Header Files</Filter>
    </ClInclude>
    <ClInclude Include="spline.h">
      <Filter>Header Files</Filter>
    </ClInclude>
    <ClInclude Include="point.h">
      <Filter>Header Files</Filter>
    </ClInclude>
    <ClInclude Include="sphere.h">
      <Filter>Header Files\Basic Objects</Filter>
    </ClInclude>
    <ClInclude Include="circle.h">
      <Filter>Header Files\Basic Objects</Filter>
    </ClInclude>
    <ClInclude Include="disk.h">
      <Filter>Header Files\Basic Objects</Filter>
    </ClInclude>
    <ClInclude Include="frame.h">
      <Filter>Header Files</Filter>
    </ClInclude>
  </ItemGroup>
  <ItemGroup>
    <ClCompile Include="camera.cpp">
      <Filter>Source Files</Filter>
    </ClCompile>
    <ClCompile Include="main.cpp">
      <Filter>Source Files</Filter>
    </ClCompile>
    <ClCompile Include="matrixstack.cpp">
      <Filter>Source Files</Filter>
    </ClCompile>
    <ClCompile Include="objmodel.cpp">
      <Filter>Source Files</Filter>
    </ClCompile>
    <ClCompile Include="skybox.cpp">
      <Filter>Source Files</Filter>
    </ClCompile>
    <ClCompile Include="texture.cpp">
      <Filter>Source Files</Filter>
    </ClCompile>
    <ClCompile Include="timer.cpp">
      <Filter>Source Files</Filter>
    </ClCompile>
    <ClCompile Include="window.cpp">
      <Filter>Source Files</Filter>
    </ClCompile>
    <ClCompile Include="vbo.cpp">
      <Filter>Source Files</Filter>
    </ClCompile>
    <ClCompile Include="shaderprogram.cpp">
      <Filter>Source Files</Filter>
    </ClCompile>
    <ClCompile Include="shader.cpp">
      <Filter>Source Files</Filter>
    </ClCompile>
    <ClCompile Include="canvas.cpp">
      <Filter>Source Files</Filter>
    </ClCompile>
    <ClCompile Include="splinegun.cpp">
      <Filter>Source Files</Filter>
    </ClCompile>
    <ClCompile Include="terrain.cpp">
      <Filter>Source Files</Filter>
    </ClCompile>
    <ClCompile Include="mesh.cpp">
      <Filter>Source Files</Filter>
    </ClCompile>
    <ClCompile Include="vertex.cpp">
      <Filter>Source Files</Filter>
    </ClCompile>
    <ClCompile Include="lighting.cpp">
      <Filter>Source Files</Filter>
    </ClCompile>
    <ClCompile Include="spline.cpp">
      <Filter>Source Files</Filter>
    </ClCompile>
    <ClCompile Include="point.cpp">
      <Filter>Source Files</Filter>
    </ClCompile>
    <ClCompile Include="sphere.cpp">
      <Filter>Source Files\Basic Objects</Filter>
    </ClCompile>
    <ClCompile Include="circle.cpp">
      <Filter>Source Files\Basic Objects</Filter>
    </ClCompile>
    <ClCompile Include="disk.cpp">
      <Filter>Source Files\Basic Objects</Filter>
    </ClCompile>
    <ClCompile Include="frame.cpp">
      <Filter>Source Files</Filter>
    </ClCompile>
  </ItemGroup>
  <ItemGroup>
    <None Include="..\.gitignore">
      <Filter>Info Files</Filter>
    </None>
    <None Include="..\README.md">
      <Filter>Info Files</Filter>
    </None>
    <None Include="..\todo.txt">
      <Filter>Info Files</Filter>
    </None>
    <None Include="resources\shaders\main.frag">
      <Filter>Shader Files</Filter>
    </None>
    <None Include="resources\shaders\main.vert">
      <Filter>Shader Files</Filter>
    </None>
  </ItemGroup>
</Project>